{
    "_meta": {
        "hash": {
            "sha256": "46b0635e25e0275da7e7437f54354892318451368b591ffb0758e2fa3c134c76"
        },
        "pipfile-spec": 6,
        "requires": {
            "python_version": "3.6"
        },
        "sources": [
            {
                "name": "pypi",
                "url": "https://pypi.org/simple",
                "verify_ssl": true
            }
        ]
    },
    "default": {},
    "develop": {
        "robotframework": {
            "hashes": [
                "sha256:cc4b04f711677c94c7d1e30ef1e5cdd50c0b731f8038d6214379c3def183c7f0",
                "sha256:f10dd7c0c8c7962a4f80dd1e026b5db731b9391bc6e1f9ebb96d685eb1230dbc"
            ],
            "index": "pypi",
            "version": "==3.1.2"
        },
        "robotframework-selenium2library": {
            "hashes": [
                "sha256:1826b1ce8ccac76f14c4812e2d6df79f52ecda8a3c59c427eea45548c2e22cb1",
                "sha256:2a8e942b0788b16ded253039008b34d2b46199283461b294f0f41a579c70fda7"
            ],
            "index": "pypi",
            "version": "==3.0.0"
        },
        "robotframework-seleniumlibrary": {
            "hashes": [
                "sha256:a302e493ab6975d9d3886d20ce67399d4ed4712260cee075655a29584bb60906",
                "sha256:fd601ce4937b4ceb77323a4ee658791dec2f85a6d21c7143d00515db68afb64a"
            ],
            "index": "pypi",
            "version": "==4.0.0"
        },
        "selenium": {
            "hashes": [
                "sha256:2d7131d7bc5a5b99a2d9b04aaf2612c411b03b8ca1b1ee8d3de5845a9be2cb3c",
                "sha256:deaf32b60ad91a4611b98d8002757f29e6f2c2d5fcaf202e1c9ad06d6772300d"
            ],
            "version": "==3.141.0"
        },
        "urllib3": {
            "hashes": [
                "sha256:753a0374df26658f99d826cfe40394a686d05985786d946fbe4165b5148f5a7c",
                "sha256:a7acd0977125325f516bda9735fa7142b909a8d01e8b2e4c8108d0984e6e0098"
            ],
            "index": "pypi",
            "version": "==1.26.5"
        },
        "v": {
            "hashes": [
                "sha256:2d5a8f79a36aaebe62ef2c7068e3ec7f86656078202edabfdbf74715dc822d36",
                "sha256:cd6b6b20b4a611f209c88bcdfb7211321f85662efb2bdd53a7b40314d0a84618"
            ],
            "index": "pypi",
            "version": "==0.0.0"
        }
    }
}
